
Microsoft Visual Studio Solution File, Format Version 12.00
# Visual Studio 15
VisualStudioVersion = 15.0.27004.2005
MinimumVisualStudioVersion = 10.0.40219.1
Project("{FAE04EC0-301F-11D3-BF4B-00C04F79EFBC}") = "Wikiled.YiScanner", "YiScanner\Wikiled.YiScanner.csproj", "{EB6ADB38-1ABE-45AA-BA10-61EA56FE484E}"
EndProject
Global
	GlobalSection(SolutionConfigurationPlatforms) = preSolution
		Debug|Any CPU = Debug|Any CPU
		Release|Any CPU = Release|Any CPU
	EndGlobalSection
	GlobalSection(ProjectConfigurationPlatforms) = postSolution
		{EB6ADB38-1ABE-45AA-BA10-61EA56FE484E}.Debug|Any CPU.ActiveCfg = Debug|Any CPU
		{EB6ADB38-1ABE-45AA-BA10-61EA56FE484E}.Debug|Any CPU.Build.0 = Debug|Any CPU
		{EB6ADB38-1ABE-45AA-BA10-61EA56FE484E}.Release|Any CPU.ActiveCfg = Release|Any CPU
		{EB6ADB38-1ABE-45AA-BA10-61EA56FE484E}.Release|Any CPU.Build.0 = Release|Any CPU
	EndGlobalSection
	GlobalSection(SolutionProperties) = preSolution
		HideSolutionNode = FALSE
	EndGlobalSection
	GlobalSection(ExtensibilityGlobals) = postSolution
		SolutionGuid = {957B68B7-5DEF-4A2F-A399-5B85139E9AAA}
	EndGlobalSection
EndGlobal
